Microsoft Visual Studio Solution File, Format Version 12.00
# Visual Studio Version 17
VisualStudioVersion = 17.5.2.0
MinimumVisualStudioVersion = 10.0.40219.1
Project("{FAE04EC0-301F-11D3-BF4B-00C04F79EFBC}") = "SiteMateriaisConstrucao", "SiteMateriaisConstrucao\SiteMateriaisConstrucao.csproj", "{A3FC8CF8-1788-62FC-F945-DE9680773145}"
EndProject
Global
	GlobalSection(SolutionConfigurationPlatforms) = preSolution
		Debug|Any CPU = Debug|Any CPU
		Release|Any CPU = Release|Any CPU
	EndGlobalSection
	GlobalSection(ProjectConfigurationPlatforms) = postSolution
		{A3FC8CF8-1788-62FC-F945-DE9680773145}.Debug|Any CPU.ActiveCfg = Debug|Any CPU
		{A3FC8CF8-1788-62FC-F945-DE9680773145}.Debug|Any CPU.Build.0 = Debug|Any CPU
		{A3FC8CF8-1788-62FC-F945-DE9680773145}.Release|Any CPU.ActiveCfg = Release|Any CPU
		{A3FC8CF8-1788-62FC-F945-DE9680773145}.Release|Any CPU.Build.0 = Release|Any CPU
	EndGlobalSection
	GlobalSection(SolutionProperties) = preSolution
		HideSolutionNode = FALSE
	EndGlobalSection
	GlobalSection(ExtensibilityGlobals) = postSolution
		SolutionGuid = {2A42A186-7303-405D-A975-0C55967F0BAB}
	EndGlobalSection
EndGlobal
